
Microsoft Visual Studio Solution File, Format Version 12.00
# Visual Studio Version 17
VisualStudioVersion = 17.6.33815.320
MinimumVisualStudioVersion = 10.0.40219.1
Project("{FAE04EC0-301F-11D3-BF4B-00C04F79EFBC}") = "FELVETELI", "FELVETELI.csproj", "{9B597FCA-270B-4044-95F5-076D097BF481}"
EndProject
Global
	GlobalSection(SolutionConfigurationPlatforms) = preSolution
		Debug|Any CPU = Debug|Any CPU
		Release|Any CPU = Release|Any CPU
	EndGlobalSection
	GlobalSection(ProjectConfigurationPlatforms) = postSolution
		{9B597FCA-270B-4044-95F5-076D097BF481}.Debug|Any CPU.ActiveCfg = Debug|Any CPU
		{9B597FCA-270B-4044-95F5-076D097BF481}.Debug|Any CPU.Build.0 = Debug|Any CPU
		{9B597FCA-270B-4044-95F5-076D097BF481}.Release|Any CPU.ActiveCfg = Release|Any CPU
		{9B597FCA-270B-4044-95F5-076D097BF481}.Release|Any CPU.Build.0 = Release|Any CPU
	EndGlobalSection
	GlobalSection(SolutionProperties) = preSolution
		HideSolutionNode = FALSE
	EndGlobalSection
	GlobalSection(ExtensibilityGlobals) = postSolution
		SolutionGuid = {81CDEB10-A485-4FAB-B5F6-82B4A1029FC2}
	EndGlobalSection
EndGlobal
